
Microsoft Visual Studio Solution File, Format Version 12.00
# Visual Studio Version 17
VisualStudioVersion = 17.11.35312.102
MinimumVisualStudioVersion = 10.0.40219.1
Project("{9A19103F-16F7-4668-BE54-9A1E7A4F7556}") = "UUIDDetail", "UUIDDetail\UUIDDetail.csproj", "{959972DB-E836-453E-97EE-F5F9B755EA41}"
EndProject
Project("{9A19103F-16F7-4668-BE54-9A1E7A4F7556}") = "NotificationSystem", "NotificationSystem\NotificationSystem.csproj", "{93AF3B62-FC63-4ED5-BCB8-9D62F6D0A871}"
EndProject
Project("{FAE04EC0-301F-11D3-BF4B-00C04F79EFBC}") = "UploadLargeFile.Api", "UploadLargeFile.Api\UploadLargeFile.Api.csproj", "{EE0E2635-2C84-448F-A25A-440203B72DE1}"
EndProject
Global
	GlobalSection(SolutionConfigurationPlatforms) = preSolution
		Debug|Any CPU = Debug|Any CPU
		Release|Any CPU = Release|Any CPU
	EndGlobalSection
	GlobalSection(ProjectConfigurationPlatforms) = postSolution
		{959972DB-E836-453E-97EE-F5F9B755EA41}.Debug|Any CPU.ActiveCfg = Debug|Any CPU
		{959972DB-E836-453E-97EE-F5F9B755EA41}.Debug|Any CPU.Build.0 = Debug|Any CPU
		{959972DB-E836-453E-97EE-F5F9B755EA41}.Release|Any CPU.ActiveCfg = Release|Any CPU
		{959972DB-E836-453E-97EE-F5F9B755EA41}.Release|Any CPU.Build.0 = Release|Any CPU
		{93AF3B62-FC63-4ED5-BCB8-9D62F6D0A871}.Debug|Any CPU.ActiveCfg = Debug|Any CPU
		{93AF3B62-FC63-4ED5-BCB8-9D62F6D0A871}.Debug|Any CPU.Build.0 = Debug|Any CPU
		{93AF3B62-FC63-4ED5-BCB8-9D62F6D0A871}.Release|Any CPU.ActiveCfg = Release|Any CPU
		{93AF3B62-FC63-4ED5-BCB8-9D62F6D0A871}.Release|Any CPU.Build.0 = Release|Any CPU
		{EE0E2635-2C84-448F-A25A-440203B72DE1}.Debug|Any CPU.ActiveCfg = Debug|Any CPU
		{EE0E2635-2C84-448F-A25A-440203B72DE1}.Debug|Any CPU.Build.0 = Debug|Any CPU
		{EE0E2635-2C84-448F-A25A-440203B72DE1}.Release|Any CPU.ActiveCfg = Release|Any CPU
		{EE0E2635-2C84-448F-A25A-440203B72DE1}.Release|Any CPU.Build.0 = Release|Any CPU
	EndGlobalSection
	GlobalSection(SolutionProperties) = preSolution
		HideSolutionNode = FALSE
	EndGlobalSection
	GlobalSection(ExtensibilityGlobals) = postSolution
		SolutionGuid = {DC7A588E-58F6-4524-94D9-F52798C4ABA7}
	EndGlobalSection
EndGlobal
