
Microsoft Visual Studio Solution File, Format Version 12.00
# Visual Studio Version 17
VisualStudioVersion = 17.5.002.0
MinimumVisualStudioVersion = 10.0.40219.1
Project("{9A19103F-16F7-4668-BE54-9A1E7A4F7556}") = "NotificationSystem", "NotificationSystem.csproj", "{029586FF-C094-4B01-9036-CAF447C658CF}"
EndProject
Global
	GlobalSection(SolutionConfigurationPlatforms) = preSolution
		Debug|Any CPU = Debug|Any CPU
		Release|Any CPU = Release|Any CPU
	EndGlobalSection
	GlobalSection(ProjectConfigurationPlatforms) = postSolution
		{029586FF-C094-4B01-9036-CAF447C658CF}.Debug|Any CPU.ActiveCfg = Debug|Any CPU
		{029586FF-C094-4B01-9036-CAF447C658CF}.Debug|Any CPU.Build.0 = Debug|Any CPU
		{029586FF-C094-4B01-9036-CAF447C658CF}.Release|Any CPU.ActiveCfg = Release|Any CPU
		{029586FF-C094-4B01-9036-CAF447C658CF}.Release|Any CPU.Build.0 = Release|Any CPU
	EndGlobalSection
	GlobalSection(SolutionProperties) = preSolution
		HideSolutionNode = FALSE
	EndGlobalSection
	GlobalSection(ExtensibilityGlobals) = postSolution
		SolutionGuid = {77AB89C4-BEA2-41D9-823F-F87B7A0F3C45}
	EndGlobalSection
EndGlobal
